
Microsoft Visual Studio Solution File, Format Version 12.00
# Visual Studio Version 16
VisualStudioVersion = 16.0.30114.105
MinimumVisualStudioVersion = 10.0.40219.1
Project("{FAE04EC0-301F-11D3-BF4B-00C04F79EFBC}") = "ManejoEmpleados", "ManejoEmpleados\ManejoEmpleados.csproj", "{BDC3F2AA-85A1-461D-B60D-A260068C88BD}"
EndProject
Global
	GlobalSection(SolutionConfigurationPlatforms) = preSolution
		Debug|Any CPU = Debug|Any CPU
		Release|Any CPU = Release|Any CPU
	EndGlobalSection
	GlobalSection(ProjectConfigurationPlatforms) = postSolution
		{BDC3F2AA-85A1-461D-B60D-A260068C88BD}.Debug|Any CPU.ActiveCfg = Debug|Any CPU
		{BDC3F2AA-85A1-461D-B60D-A260068C88BD}.Debug|Any CPU.Build.0 = Debug|Any CPU
		{BDC3F2AA-85A1-461D-B60D-A260068C88BD}.Release|Any CPU.ActiveCfg = Release|Any CPU
		{BDC3F2AA-85A1-461D-B60D-A260068C88BD}.Release|Any CPU.Build.0 = Release|Any CPU
	EndGlobalSection
	GlobalSection(SolutionProperties) = preSolution
		HideSolutionNode = FALSE
	EndGlobalSection
	GlobalSection(ExtensibilityGlobals) = postSolution
		SolutionGuid = {FC6A120F-9B0F-41C1-9444-2EE2B00E2F55}
	EndGlobalSection
EndGlobal
